# THIS IS AN AUTOGENERATED FILE. DO NOT EDIT THIS FILE DIRECTLY.
# yarn lockfile v1


"@lit-labs/ssr-dom-shim@^1.0.0":
  version "1.0.0"
  resolved "https://registry.yarnpkg.com/@lit-labs/ssr-dom-shim/-/ssr-dom-shim-1.0.0.tgz#427e19a2765681fd83411cd72c55ba80a01e0523"
  integrity sha512-ic93MBXfApIFTrup4a70M/+ddD8xdt2zxxj9sRwHQzhS9ag/syqkD8JPdTXsc1gUy2K8TTirhlCqyTEM/sifNw==

"@lit-labs/ssr-dom-shim@^1.1.0":
  version "1.1.0"
  resolved "https://registry.yarnpkg.com/@lit-labs/ssr-dom-shim/-/ssr-dom-shim-1.1.0.tgz#3361d6b8c4cb2ac426d5794ac7cd9776cd2f0814"
  integrity sha512-92uQ5ARf7UXYrzaFcAX3T2rTvaS9Z1//ukV+DqjACM4c8s0ZBQd7ayJU5Dh2AFLD/Ayuyz4uMmxQec8q3U4Ong==

"@lit/reactive-element@^1.3.0":
  version "1.3.1"
  resolved "https://registry.yarnpkg.com/@lit/reactive-element/-/reactive-element-1.3.1.tgz#3021ad0fa30a75a41212c5e7f1f169c5762ef8bb"
  integrity sha512-nOJARIr3pReqK3hfFCSW2Zg/kFcFsSAlIE7z4a0C9D2dPrgD/YSn3ZP2ET/rxKB65SXyG7jJbkynBRm+tGlacw==

"@lit/reactive-element@^1.6.0":
  version "1.6.0"
  resolved "https://registry.yarnpkg.com/@lit/reactive-element/-/reactive-element-1.6.0.tgz#7504988fc3d7895c032f035eca23f0697b472e59"
  integrity sha512-33H04h4tx9NVEADti0haZTNxssCnqZlMlyjri5k9kwDWAe2W1iENroZt7VWwmsPhlWUD8sSoPXSHqd0DdL29Pw==
  dependencies:
    "@lit-labs/ssr-dom-shim" "^1.0.0"

"@types/trusted-types@^2.0.2":
  version "2.0.2"
  resolved "https://registry.yarnpkg.com/@types/trusted-types/-/trusted-types-2.0.2.tgz#fc25ad9943bcac11cceb8168db4f275e0e72e756"
  integrity sha512-F5DIZ36YVLE+PN+Zwws4kJogq47hNgX3Nx6WyDJ3kcplxyke3XIzB8uK5n/Lpm1HBsbGzd6nmGehL8cPekP+Tg==

lit-element@^3.3.0:
  version "3.3.1"
  resolved "https://registry.yarnpkg.com/lit-element/-/lit-element-3.3.1.tgz#9dcb950b1fadf156dacf3ded8d7d51a8cf16a966"
  integrity sha512-Gl+2409uXWbf7n6cCl7Kzasm7zjT9xmdwi2BhLNi70sRKAgRkqueDu5mSIH3hPYMM0/vqBCdPXod3NbGkRA2ww==
  dependencies:
    "@lit-labs/ssr-dom-shim" "^1.1.0"
    "@lit/reactive-element" "^1.3.0"
    lit-html "^2.7.0"

lit-html@^2.7.0:
  version "2.7.2"
  resolved "https://registry.yarnpkg.com/lit-html/-/lit-html-2.7.2.tgz#e4593da022298d8029ae3f67d10d322c18152d3d"
  integrity sha512-ZJCfKlA2XELu5tn7XuzOziGFGvf1SeQm+ngLWoJ8bXtSkRrrR3ms6SWy+gsdxeYwySLij5xAhdd2C3EX0ftxdQ==
  dependencies:
    "@types/trusted-types" "^2.0.2"

lit@^2.7.2:
  version "2.7.2"
  resolved "https://registry.yarnpkg.com/lit/-/lit-2.7.2.tgz#8084355a3b834a8e62685f2e641242fd7c1698ce"
  integrity sha512-9QnZmG5mIKPRja96cpndMclLSi0Qrz2BXD6EbqNqCKMMjOWVm/BwAeXufFk2jqFsNmY07HOzU8X+8aTSVt3yrA==
  dependencies:
    "@lit/reactive-element" "^1.6.0"
    lit-element "^3.3.0"
    lit-html "^2.7.0"

ts-essentials@^9.3.1:
  version "9.3.1"
  resolved "https://registry.yarnpkg.com/ts-essentials/-/ts-essentials-9.3.1.tgz#f2d1e1584ef53c0251012258338421d7cf78a4d0"
  integrity sha512-9CChSvQMyVRo29Vb1A2jbs+LKo3d/bAf+ndSaX0T8cEiy/HChVaRN/HY5DqUryZ8hZ6uol9bEgCnGmnDbwBR9Q==

typescript@^5.0.4:
  version "5.0.4"
  resolved "https://registry.yarnpkg.com/typescript/-/typescript-5.0.4.tgz#b217fd20119bd61a94d4011274e0ab369058da3b"
  integrity sha512-cW9T5W9xY37cc+jfEnaUvX91foxtHkza3Nw3wkoF4sSlKn0MONdkdEndig/qPBWXNkmplh3NzayQzCiHM4/hqw==
