# THIS IS AN AUTOGENERATED FILE. DO NOT EDIT THIS FILE DIRECTLY.
# yarn lockfile v1


"@lit-labs/ssr-dom-shim@^1.4.0":
  version "1.4.0"
  resolved "https://registry.yarnpkg.com/@lit-labs/ssr-dom-shim/-/ssr-dom-shim-1.4.0.tgz#55eb80ab5ef6e188f7e541c1e2bea1ef582413b8"
  integrity sha512-ficsEARKnmmW5njugNYKipTm4SFnbik7CXtoencDZzmzo/dQ+2Q0bgkzJuoJP20Aj0F+izzJjOqsnkd6F/o1bw==

"@lit/reactive-element@^2.1.0":
  version "2.1.1"
  resolved "https://registry.yarnpkg.com/@lit/reactive-element/-/reactive-element-2.1.1.tgz#0662ac4a43d4898974aef9a6c5cd47b9e331919a"
  integrity sha512-N+dm5PAYdQ8e6UlywyyrgI2t++wFGXfHx+dSJ1oBrg6FAxUj40jId++EaRm80MKX5JnlH1sBsyZ5h0bcZKemCg==
  dependencies:
    "@lit-labs/ssr-dom-shim" "^1.4.0"

"@types/trusted-types@^2.0.2":
  version "2.0.7"
  resolved "https://registry.yarnpkg.com/@types/trusted-types/-/trusted-types-2.0.7.tgz#baccb07a970b91707df3a3e8ba6896c57ead2d11"
  integrity sha512-ScaPdn1dQczgbl0QFTeTOmVHFULt394XJgOQNoyVhZ6r2vLnMLJfBPd53SB52T/3G36VI1/g2MZaX0cwDuXsfw==

lit-element@^4.2.0:
  version "4.2.1"
  resolved "https://registry.yarnpkg.com/lit-element/-/lit-element-4.2.1.tgz#0a3782f36eaa545862fe07f84abcb14b2903a042"
  integrity sha512-WGAWRGzirAgyphK2urmYOV72tlvnxw7YfyLDgQ+OZnM9vQQBQnumQ7jUJe6unEzwGU3ahFOjuz1iz1jjrpCPuw==
  dependencies:
    "@lit-labs/ssr-dom-shim" "^1.4.0"
    "@lit/reactive-element" "^2.1.0"
    lit-html "^3.3.0"

lit-html@^3.3.0:
  version "3.3.1"
  resolved "https://registry.yarnpkg.com/lit-html/-/lit-html-3.3.1.tgz#f0a7e4b9ea0a1d034eb28a4bf2d1b0a0096253e3"
  integrity sha512-S9hbyDu/vs1qNrithiNyeyv64c9yqiW9l+DBgI18fL+MTvOtWoFR0FWiyq1TxaYef5wNlpEmzlXoBlZEO+WjoA==
  dependencies:
    "@types/trusted-types" "^2.0.2"

lit@^3.3.1:
  version "3.3.1"
  resolved "https://registry.yarnpkg.com/lit/-/lit-3.3.1.tgz#9dc79be626bc9a3b824de98b107dd662cabdeda6"
  integrity sha512-Ksr/8L3PTapbdXJCk+EJVB78jDodUMaP54gD24W186zGRARvwrsPfS60wae/SSCTCNZVPd1chXqio1qHQmu4NA==
  dependencies:
    "@lit/reactive-element" "^2.1.0"
    lit-element "^4.2.0"
    lit-html "^3.3.0"

ts-essentials@^10.1.1:
  version "10.1.1"
  resolved "https://registry.yarnpkg.com/ts-essentials/-/ts-essentials-10.1.1.tgz#4e1d29b7c9b33c1a2744482376634c4fafba5210"
  integrity sha512-4aTB7KLHKmUvkjNj8V+EdnmuVTiECzn3K+zIbRthumvHu+j44x3w63xpfs0JL3NGIzGXqoQ7AV591xHO+XrOTw==

typescript@^5.9.3:
  version "5.9.3"
  resolved "https://registry.yarnpkg.com/typescript/-/typescript-5.9.3.tgz#5b4f59e15310ab17a216f5d6cf53ee476ede670f"
  integrity sha512-jl1vZzPDinLr9eUt3J/t7V6FgNEw9QjvBPdysz9KfQDD41fQrC2Y4vKQdiaUpFT4bXlb1RHhLpp8wtm6M5TgSw==
