# THIS IS AN AUTOGENERATED FILE. DO NOT EDIT THIS FILE DIRECTLY.
# yarn lockfile v1


"@lit/reactive-element@^1.3.0":
  version "1.3.1"
  resolved "https://registry.yarnpkg.com/@lit/reactive-element/-/reactive-element-1.3.1.tgz#3021ad0fa30a75a41212c5e7f1f169c5762ef8bb"
  integrity sha512-nOJARIr3pReqK3hfFCSW2Zg/kFcFsSAlIE7z4a0C9D2dPrgD/YSn3ZP2ET/rxKB65SXyG7jJbkynBRm+tGlacw==

"@lit/reactive-element@^1.4.0":
  version "1.4.1"
  resolved "https://registry.yarnpkg.com/@lit/reactive-element/-/reactive-element-1.4.1.tgz#3f587eec5708692135bc9e94cf396130604979f3"
  integrity sha512-qDv4851VFSaBWzpS02cXHclo40jsbAjRXnebNXpm0uVg32kCneZPo9RYVQtrTNICtZ+1wAYHu1ZtxWSWMbKrBw==

"@types/trusted-types@^2.0.2":
  version "2.0.2"
  resolved "https://registry.yarnpkg.com/@types/trusted-types/-/trusted-types-2.0.2.tgz#fc25ad9943bcac11cceb8168db4f275e0e72e756"
  integrity sha512-F5DIZ36YVLE+PN+Zwws4kJogq47hNgX3Nx6WyDJ3kcplxyke3XIzB8uK5n/Lpm1HBsbGzd6nmGehL8cPekP+Tg==

lit-element@^3.2.0:
  version "3.2.0"
  resolved "https://registry.yarnpkg.com/lit-element/-/lit-element-3.2.0.tgz#9c981c55dfd9a8f124dc863edb62cc529d434db7"
  integrity sha512-HbE7yt2SnUtg5DCrWt028oaU4D5F4k/1cntAFHTkzY8ZIa8N0Wmu92PxSxucsQSOXlODFrICkQ5x/tEshKi13g==
  dependencies:
    "@lit/reactive-element" "^1.3.0"
    lit-html "^2.2.0"

lit-html@^2.2.0:
  version "2.2.1"
  resolved "https://registry.yarnpkg.com/lit-html/-/lit-html-2.2.1.tgz#762f112a8b54eaf0bbae3f516de935a25dcc12d1"
  integrity sha512-AiJ/Rs0awjICs2FioTnHSh+Np5dhYSkyRczKy3wKjp8qjLhr1Ov+GiHrUQNdX8ou1LMuznpIME990AZsa/tR8g==
  dependencies:
    "@types/trusted-types" "^2.0.2"

lit-html@^2.4.0:
  version "2.4.0"
  resolved "https://registry.yarnpkg.com/lit-html/-/lit-html-2.4.0.tgz#b510430f39a56ec959167ed1187241a4e3ab1574"
  integrity sha512-G6qXu4JNUpY6aaF2VMfaszhO9hlWw0hOTRFDmuMheg/nDYGB+2RztUSOyrzALAbr8Nh0Y7qjhYkReh3rPnplVg==
  dependencies:
    "@types/trusted-types" "^2.0.2"

lit@^2.4.1:
  version "2.4.1"
  resolved "https://registry.yarnpkg.com/lit/-/lit-2.4.1.tgz#21251ac14eb1ec8ca7cd15c9ac3564359809f7b5"
  integrity sha512-qohSgLiyN1cFnJG26dIiY03S4F49857A0AHQfnS0zYtnUVnD2MFvx+UT52rtXsIuNFQrnUupX+zyGSATlk1f/A==
  dependencies:
    "@lit/reactive-element" "^1.4.0"
    lit-element "^3.2.0"
    lit-html "^2.4.0"

ts-essentials@^9.3.0:
  version "9.3.0"
  resolved "https://registry.yarnpkg.com/ts-essentials/-/ts-essentials-9.3.0.tgz#7e639c1a76b1805c3c60d6e1b5178da2e70aea02"
  integrity sha512-XeiCboEyBG8UqXZtXl59bWEi4ZgOqRsogFDI6WDGIF1LmzbYiAkIwjkXN6zZWWl4re/lsOqMlYfe8KA0XiiEPw==

typescript@^4.9.3:
  version "4.9.3"
  resolved "https://registry.yarnpkg.com/typescript/-/typescript-4.9.3.tgz#3aea307c1746b8c384435d8ac36b8a2e580d85db"
  integrity sha512-CIfGzTelbKNEnLpLdGFgdyKhG23CKdKgQPOBc+OUNrkJ2vr+KSzsSV5kq5iWhEQbok+quxgGzrAtGWCyU7tHnA==
